
Microsoft Visual Studio Solution File, Format Version 12.00
# Visual Studio 15
VisualStudioVersion = 15.0.26730.10
MinimumVisualStudioVersion = 10.0.40219.1
Project("{FAE04EC0-301F-11D3-BF4B-00C04F79EFBC}") = "PasswordHashing_Pbkdf2", "PasswordHashing_Pbkdf2\PasswordHashing_Pbkdf2.csproj", "{8D7A9F84-5BE7-4C84-8023-19F0CB34E8A1}"
EndProject
Project("{FAE04EC0-301F-11D3-BF4B-00C04F79EFBC}") = "PasswordHashing_Pbkdf2.Tests", "PasswordHashing_Pbkdf2.Tests\PasswordHashing_Pbkdf2.Tests.csproj", "{95A5C17D-A88E-41EA-AB25-CF2F97CDBF7D}"
EndProject
Project("{FAE04EC0-301F-11D3-BF4B-00C04F79EFBC}") = "PasswordHashing_Argon2", "PasswordHashing_Argon2\PasswordHashing_Argon2.csproj", "{324D435F-7D2B-41DE-AAB8-930AA8E0E96F}"
EndProject
Project("{FAE04EC0-301F-11D3-BF4B-00C04F79EFBC}") = "PasswordHashing_Argon2.Tests", "PasswordHashing_Argon2.Tests\PasswordHashing_Argon2.Tests.csproj", "{C911360E-C54A-4698-B1C8-85FAE9999E28}"
EndProject
Project("{FAE04EC0-301F-11D3-BF4B-00C04F79EFBC}") = "TooSimpleHashAlgs", "TooSimpleHashAlgs\TooSimpleHashAlgs.csproj", "{1CB1F1B2-9BE5-4CA5-906A-05D50FA1FD48}"
EndProject
Project("{FAE04EC0-301F-11D3-BF4B-00C04F79EFBC}") = "TooSimpleHashAlgs.Tests", "TooSimpleHashAlgs.Tests\TooSimpleHashAlgs.Tests.csproj", "{338CDC1C-6647-43E6-9F78-5ECE54FD3EDC}"
EndProject
Project("{FAE04EC0-301F-11D3-BF4B-00C04F79EFBC}") = "PasswordHashing_Pbkdf2.Console", "PasswordHashing_Pbkdf2.Console\PasswordHashing_Pbkdf2.Console.csproj", "{1420D165-5586-45A1-B9CD-20C97C9A800E}"
EndProject
Global
	GlobalSection(SolutionConfigurationPlatforms) = preSolution
		Debug|Any CPU = Debug|Any CPU
		Release|Any CPU = Release|Any CPU
	EndGlobalSection
	GlobalSection(ProjectConfigurationPlatforms) = postSolution
		{8D7A9F84-5BE7-4C84-8023-19F0CB34E8A1}.Debug|Any CPU.ActiveCfg = Debug|Any CPU
		{8D7A9F84-5BE7-4C84-8023-19F0CB34E8A1}.Debug|Any CPU.Build.0 = Debug|Any CPU
		{8D7A9F84-5BE7-4C84-8023-19F0CB34E8A1}.Release|Any CPU.ActiveCfg = Release|Any CPU
		{8D7A9F84-5BE7-4C84-8023-19F0CB34E8A1}.Release|Any CPU.Build.0 = Release|Any CPU
		{95A5C17D-A88E-41EA-AB25-CF2F97CDBF7D}.Debug|Any CPU.ActiveCfg = Debug|Any CPU
		{95A5C17D-A88E-41EA-AB25-CF2F97CDBF7D}.Debug|Any CPU.Build.0 = Debug|Any CPU
		{95A5C17D-A88E-41EA-AB25-CF2F97CDBF7D}.Release|Any CPU.ActiveCfg = Release|Any CPU
		{95A5C17D-A88E-41EA-AB25-CF2F97CDBF7D}.Release|Any CPU.Build.0 = Release|Any CPU
		{324D435F-7D2B-41DE-AAB8-930AA8E0E96F}.Debug|Any CPU.ActiveCfg = Debug|Any CPU
		{324D435F-7D2B-41DE-AAB8-930AA8E0E96F}.Debug|Any CPU.Build.0 = Debug|Any CPU
		{324D435F-7D2B-41DE-AAB8-930AA8E0E96F}.Release|Any CPU.ActiveCfg = Release|Any CPU
		{324D435F-7D2B-41DE-AAB8-930AA8E0E96F}.Release|Any CPU.Build.0 = Release|Any CPU
		{C911360E-C54A-4698-B1C8-85FAE9999E28}.Debug|Any CPU.ActiveCfg = Debug|Any CPU
		{C911360E-C54A-4698-B1C8-85FAE9999E28}.Debug|Any CPU.Build.0 = Debug|Any CPU
		{C911360E-C54A-4698-B1C8-85FAE9999E28}.Release|Any CPU.ActiveCfg = Release|Any CPU
		{C911360E-C54A-4698-B1C8-85FAE9999E28}.Release|Any CPU.Build.0 = Release|Any CPU
		{1CB1F1B2-9BE5-4CA5-906A-05D50FA1FD48}.Debug|Any CPU.ActiveCfg = Debug|Any CPU
		{1CB1F1B2-9BE5-4CA5-906A-05D50FA1FD48}.Debug|Any CPU.Build.0 = Debug|Any CPU
		{1CB1F1B2-9BE5-4CA5-906A-05D50FA1FD48}.Release|Any CPU.ActiveCfg = Release|Any CPU
		{1CB1F1B2-9BE5-4CA5-906A-05D50FA1FD48}.Release|Any CPU.Build.0 = Release|Any CPU
		{338CDC1C-6647-43E6-9F78-5ECE54FD3EDC}.Debug|Any CPU.ActiveCfg = Debug|Any CPU
		{338CDC1C-6647-43E6-9F78-5ECE54FD3EDC}.Debug|Any CPU.Build.0 = Debug|Any CPU
		{338CDC1C-6647-43E6-9F78-5ECE54FD3EDC}.Release|Any CPU.ActiveCfg = Release|Any CPU
		{338CDC1C-6647-43E6-9F78-5ECE54FD3EDC}.Release|Any CPU.Build.0 = Release|Any CPU
		{1420D165-5586-45A1-B9CD-20C97C9A800E}.Debug|Any CPU.ActiveCfg = Debug|Any CPU
		{1420D165-5586-45A1-B9CD-20C97C9A800E}.Debug|Any CPU.Build.0 = Debug|Any CPU
		{1420D165-5586-45A1-B9CD-20C97C9A800E}.Release|Any CPU.ActiveCfg = Release|Any CPU
		{1420D165-5586-45A1-B9CD-20C97C9A800E}.Release|Any CPU.Build.0 = Release|Any CPU
	EndGlobalSection
	GlobalSection(SolutionProperties) = preSolution
		HideSolutionNode = FALSE
	EndGlobalSection
	GlobalSection(ExtensibilityGlobals) = postSolution
		SolutionGuid = {40461BD6-221D-4E74-A1A4-86AA802A82EE}
	EndGlobalSection
EndGlobal
