
Microsoft Visual Studio Solution File, Format Version 12.00
# Visual Studio 15
VisualStudioVersion = 15.0.26730.10
MinimumVisualStudioVersion = 10.0.40219.1
Project("{FAE04EC0-301F-11D3-BF4B-00C04F79EFBC}") = "PasswordHashing_Pbkdf2", "PasswordHashing_Pbkdf2\PasswordHashing_Pbkdf2.csproj", "{8D7A9F84-5BE7-4C84-8023-19F0CB34E8A1}"
EndProject
Project("{FAE04EC0-301F-11D3-BF4B-00C04F79EFBC}") = "PasswordHashing_Pbkdf2.Tests", "PasswordHashing_Pbkdf2.Tests\PasswordHashing_Pbkdf2.Tests.csproj", "{95A5C17D-A88E-41EA-AB25-CF2F97CDBF7D}"
EndProject
Global
	GlobalSection(SolutionConfigurationPlatforms) = preSolution
		Debug|Any CPU = Debug|Any CPU
		Release|Any CPU = Release|Any CPU
	EndGlobalSection
	GlobalSection(ProjectConfigurationPlatforms) = postSolution
		{8D7A9F84-5BE7-4C84-8023-19F0CB34E8A1}.Debug|Any CPU.ActiveCfg = Debug|Any CPU
		{8D7A9F84-5BE7-4C84-8023-19F0CB34E8A1}.Debug|Any CPU.Build.0 = Debug|Any CPU
		{8D7A9F84-5BE7-4C84-8023-19F0CB34E8A1}.Release|Any CPU.ActiveCfg = Release|Any CPU
		{8D7A9F84-5BE7-4C84-8023-19F0CB34E8A1}.Release|Any CPU.Build.0 = Release|Any CPU
		{95A5C17D-A88E-41EA-AB25-CF2F97CDBF7D}.Debug|Any CPU.ActiveCfg = Debug|Any CPU
		{95A5C17D-A88E-41EA-AB25-CF2F97CDBF7D}.Debug|Any CPU.Build.0 = Debug|Any CPU
		{95A5C17D-A88E-41EA-AB25-CF2F97CDBF7D}.Release|Any CPU.ActiveCfg = Release|Any CPU
		{95A5C17D-A88E-41EA-AB25-CF2F97CDBF7D}.Release|Any CPU.Build.0 = Release|Any CPU
	EndGlobalSection
	GlobalSection(SolutionProperties) = preSolution
		HideSolutionNode = FALSE
	EndGlobalSection
	GlobalSection(ExtensibilityGlobals) = postSolution
		SolutionGuid = {40461BD6-221D-4E74-A1A4-86AA802A82EE}
	EndGlobalSection
EndGlobal
